
Microsoft Visual Studio Solution File, Format Version 12.00
# Visual Studio Version 17
VisualStudioVersion = 17.5.33414.496
MinimumVisualStudioVersion = 10.0.40219.1
Project("{FAE04EC0-301F-11D3-BF4B-00C04F79EFBC}") = "Crypto Algorithms & Hashing Algorithms", "Crypto Algoritms & Hashing Algoritms\Crypto Algorithms & Hashing Algorithms.csproj", "{6417AC01-0CC6-4707-BC80-95161CD29369}"
EndProject
Global
	GlobalSection(SolutionConfigurationPlatforms) = preSolution
		Debug|Any CPU = Debug|Any CPU
		Release|Any CPU = Release|Any CPU
	EndGlobalSection
	GlobalSection(ProjectConfigurationPlatforms) = postSolution
		{6417AC01-0CC6-4707-BC80-95161CD29369}.Debug|Any CPU.ActiveCfg = Debug|Any CPU
		{6417AC01-0CC6-4707-BC80-95161CD29369}.Debug|Any CPU.Build.0 = Debug|Any CPU
		{6417AC01-0CC6-4707-BC80-95161CD29369}.Release|Any CPU.ActiveCfg = Release|Any CPU
		{6417AC01-0CC6-4707-BC80-95161CD29369}.Release|Any CPU.Build.0 = Release|Any CPU
	EndGlobalSection
	GlobalSection(SolutionProperties) = preSolution
		HideSolutionNode = FALSE
	EndGlobalSection
	GlobalSection(ExtensibilityGlobals) = postSolution
		SolutionGuid = {3760FD10-8C79-4538-9621-D66DB851470A}
	EndGlobalSection
EndGlobal
